
Microsoft Visual Studio Solution File, Format Version 12.00
# Visual Studio Version 17
VisualStudioVersion = 17.9.34728.123
MinimumVisualStudioVersion = 10.0.40219.1
Project("{FAE04EC0-301F-11D3-BF4B-00C04F79EFBC}") = "SQL_Example", "SQL_Example\SQL_Example.csproj", "{B619B4E8-B26C-4811-AEA1-F35B0F2FD517}"
EndProject
Global
	GlobalSection(SolutionConfigurationPlatforms) = preSolution
		Debug|Any CPU = Debug|Any CPU
		Release|Any CPU = Release|Any CPU
	EndGlobalSection
	GlobalSection(ProjectConfigurationPlatforms) = postSolution
		{B619B4E8-B26C-4811-AEA1-F35B0F2FD517}.Debug|Any CPU.ActiveCfg = Debug|Any CPU
		{B619B4E8-B26C-4811-AEA1-F35B0F2FD517}.Debug|Any CPU.Build.0 = Debug|Any CPU
		{B619B4E8-B26C-4811-AEA1-F35B0F2FD517}.Release|Any CPU.ActiveCfg = Release|Any CPU
		{B619B4E8-B26C-4811-AEA1-F35B0F2FD517}.Release|Any CPU.Build.0 = Release|Any CPU
	EndGlobalSection
	GlobalSection(SolutionProperties) = preSolution
		HideSolutionNode = FALSE
	EndGlobalSection
	GlobalSection(ExtensibilityGlobals) = postSolution
		SolutionGuid = {81330DA2-2932-4E15-A2CB-D9F2D6BD8284}
	EndGlobalSection
EndGlobal
